
Microsoft Visual Studio Solution File, Format Version 12.00
# Visual Studio Version 16
VisualStudioVersion = 16.0.31205.134
MinimumVisualStudioVersion = 10.0.40219.1
Project("{FAE04EC0-301F-11D3-BF4B-00C04F79EFBC}") = "dieOrDice", "dieOrDice\dieOrDice.csproj", "{13BF045D-38E3-4D0E-9437-7482712838B4}"
EndProject
Global
	GlobalSection(SolutionConfigurationPlatforms) = preSolution
		Debug|Any CPU = Debug|Any CPU
		Release|Any CPU = Release|Any CPU
	EndGlobalSection
	GlobalSection(ProjectConfigurationPlatforms) = postSolution
		{13BF045D-38E3-4D0E-9437-7482712838B4}.Debug|Any CPU.ActiveCfg = Debug|Any CPU
		{13BF045D-38E3-4D0E-9437-7482712838B4}.Debug|Any CPU.Build.0 = Debug|Any CPU
		{13BF045D-38E3-4D0E-9437-7482712838B4}.Release|Any CPU.ActiveCfg = Release|Any CPU
		{13BF045D-38E3-4D0E-9437-7482712838B4}.Release|Any CPU.Build.0 = Release|Any CPU
	EndGlobalSection
	GlobalSection(SolutionProperties) = preSolution
		HideSolutionNode = FALSE
	EndGlobalSection
	GlobalSection(ExtensibilityGlobals) = postSolution
		SolutionGuid = {11A8819A-91F5-476E-B2AA-2D5C58A5C7F2}
	EndGlobalSection
EndGlobal
